
Microsoft Visual Studio Solution File, Format Version 12.00
# Visual Studio Version 17
VisualStudioVersion = 17.7.34031.279
MinimumVisualStudioVersion = 10.0.40219.1
Project("{FAE04EC0-301F-11D3-BF4B-00C04F79EFBC}") = "PointOfSaleWeb", "PointOfSaleWeb\PointOfSaleWeb.csproj", "{FBE1C9E8-AA71-4DC7-98E0-E42DC11DD0C1}"
EndProject
Global
	GlobalSection(SolutionConfigurationPlatforms) = preSolution
		Debug|Any CPU = Debug|Any CPU
		Release|Any CPU = Release|Any CPU
	EndGlobalSection
	GlobalSection(ProjectConfigurationPlatforms) = postSolution
		{FBE1C9E8-AA71-4DC7-98E0-E42DC11DD0C1}.Debug|Any CPU.ActiveCfg = Debug|Any CPU
		{FBE1C9E8-AA71-4DC7-98E0-E42DC11DD0C1}.Debug|Any CPU.Build.0 = Debug|Any CPU
		{FBE1C9E8-AA71-4DC7-98E0-E42DC11DD0C1}.Release|Any CPU.ActiveCfg = Release|Any CPU
		{FBE1C9E8-AA71-4DC7-98E0-E42DC11DD0C1}.Release|Any CPU.Build.0 = Release|Any CPU
	EndGlobalSection
	GlobalSection(SolutionProperties) = preSolution
		HideSolutionNode = FALSE
	EndGlobalSection
	GlobalSection(ExtensibilityGlobals) = postSolution
		SolutionGuid = {B648EA27-2C4B-4AEF-991D-303B8193AA7C}
	EndGlobalSection
EndGlobal
